// !$*UTF8*$!
{
	archiveVersion = 1;
	classes = {
	};
	objectVersion = 50;
	objects = {

/* Begin PBXBuildFile section */
		F0591CC424A6E20400B08028 /* NextViewController.swift in Sources */ = {isa = PBXBuildFile; fileRef = F0591CC224A6E20400B08028 /* NextViewController.swift */; };
		F0591CC524A6E20400B08028 /* NextViewController.xib in Resources */ = {isa = PBXBuildFile; fileRef = F0591CC324A6E20400B08028 /* NextViewController.xib */; };
		F0863E58248E7C4A00A0C8E2 /* AppDelegate.swift in Sources */ = {isa = PBXBuildFile; fileRef = F0863E57248E7C4A00A0C8E2 /* AppDelegate.swift */; };
		F0863E5A248E7C4A00A0C8E2 /* SceneDelegate.swift in Sources */ = {isa = PBXBuildFile; fileRef = F0863E59248E7C4A00A0C8E2 /* SceneDelegate.swift */; };
		F0863E5C248E7C4A00A0C8E2 /* ViewController.swift in Sources */ = {isa = PBXBuildFile; fileRef = F0863E5B248E7C4A00A0C8E2 /* ViewController.swift */; };
		F0863E5F248E7C4A00A0C8E2 /* Main.storyboard in Resources */ = {isa = PBXBuildFile; fileRef = F0863E5D248E7C4A00A0C8E2 /* Main.storyboard */; };
		F0863E61248E7C4D00A0C8E2 /* Assets.xcassets in Resources */ = {isa = PBXBuildFile; fileRef = F0863E60248E7C4D00A0C8E2 /* Assets.xcassets */; };
		F0863E64248E7C4D00A0C8E2 /* LaunchScreen.storyboard in Resources */ = {isa = PBXBuildFile; fileRef = F0863E62248E7C4D00A0C8E2 /* LaunchScreen.storyboard */; };
/* End PBXBuildFile section */

/* Begin PBXFileReference section */
		F0591CC224A6E20400B08028 /* NextViewController.swift */ = {isa = PBXFileReference; lastKnownFileType = sourcecode.swift; path = NextViewController.swift; sourceTree = "<group>"; };
		F0591CC324A6E20400B08028 /* NextViewController.xib */ = {isa = PBXFileReference; lastKnownFileType = file.xib; path = NextViewController.xib; sourceTree = "<group>"; };
		F0863E54248E7C4A00A0C8E2 /* shintai-monitoring.app */ = {isa = PBXFileReference; explicitFileType = wrapper.application; includeInIndex = 0; path = "shintai-monitoring.app"; sourceTree = BUILT_PRODUCTS_DIR; };
		F0863E57248E7C4A00A0C8E2 /* AppDelegate.swift */ = {isa = PBXFileReference; lastKnownFileType = sourcecode.swift; path = AppDelegate.swift; sourceTree = "<group>"; };
		F0863E59248E7C4A00A0C8E2 /* SceneDelegate.swift */ = {isa = PBXFileReference; lastKnownFileType = sourcecode.swift; path = SceneDelegate.swift; sourceTree = "<group>"; };
		F0863E5B248E7C4A00A0C8E2 /* ViewController.swift */ = {isa = PBXFileReference; lastKnownFileType = sourcecode.swift; path = ViewController.swift; sourceTree = "<group>"; };
		F0863E5E248E7C4A00A0C8E2 /* Base */ = {isa = PBXFileReference; lastKnownFileType = file.storyboard; name = Base; path = Base.lproj/Main.storyboard; sourceTree = "<group>"; };
		F0863E60248E7C4D00A0C8E2 /* Assets.xcassets */ = {isa = PBXFileReference; lastKnownFileType = folder.assetcatalog; path = Assets.xcassets; sourceTree = "<group>"; };
		F0863E63248E7C4D00A0C8E2 /* Base */ = {isa = PBXFileReference; lastKnownFileType = file.storyboard; name = Base; path = Base.lproj/LaunchScreen.storyboard; sourceTree = "<group>"; };
		F0863E65248E7C4D00A0C8E2 /* Info.plist */ = {isa = PBXFileReference; lastKnownFileType = text.plist.xml; path = Info.plist; sourceTree = "<group>"; };
/* End PBXFileReference section */

/* Begin PBXFrameworksBuildPhase section */
		F0863E51248E7C4A00A0C8E2 /* Frameworks */ = {
			isa = PBXFrameworksBuildPhase;
			buildActionMask = 2147483647;
			files = (
			);
			runOnlyForDeploymentPostprocessing = 0;
		};
/* End PBXFrameworksBuildPhase section */

/* Begin PBXGroup section */
		F0863E4B248E7C4A00A0C8E2 = {
			isa = PBXGroup;
			children = (
				F0863E56248E7C4A00A0C8E2 /* shintai-monitoring */,
				F0863E55248E7C4A00A0C8E2 /* Products */,
			);
			sourceTree = "<group>";
		};
		F0863E55248E7C4A00A0C8E2 /* Products */ = {
			isa = PBXGroup;
			children = (
				F0863E54248E7C4A00A0C8E2 /* shintai-monitoring.app */,
			);
			name = Products;
			sourceTree = "<group>";
		};
		F0863E56248E7C4A00A0C8E2 /* shintai-monitoring */ = {
			isa = PBXGroup;
			children = (
				F0863E57248E7C4A00A0C8E2 /* AppDelegate.swift */,
				F0863E59248E7C4A00A0C8E2 /* SceneDelegate.swift */,
				F0863E5B248E7C4A00A0C8E2 /* ViewController.swift */,
				F0863E5D248E7C4A00A0C8E2 /* Main.storyboard */,
				F0591CC224A6E20400B08028 /* NextViewController.swift */,
				F0591CC324A6E20400B08028 /* NextViewController.xib */,
				F0863E60248E7C4D00A0C8E2 /* Assets.xcassets */,
				F0863E62248E7C4D00A0C8E2 /* LaunchScreen.storyboard */,
				F0863E65248E7C4D00A0C8E2 /* Info.plist */,
			);
			path = "shintai-monitoring";
			sourceTree = "<group>";
		};
/* End PBXGroup section */

/* Begin PBXNativeTarget section */
		F0863E53248E7C4A00A0C8E2 /* shintai-monitoring */ = {
			isa = PBXNativeTarget;
			buildConfigurationList = F0863E68248E7C4D00A0C8E2 /* Build configuration list for PBXNativeTarget "shintai-monitoring" */;
			buildPhases = (
				F0863E50248E7C4A00A0C8E2 /* Sources */,
				F0863E51248E7C4A00A0C8E2 /* Frameworks */,
				F0863E52248E7C4A00A0C8E2 /* Resources */,
			);
			buildRules = (
			);
			dependencies = (
			);
			name = "shintai-monitoring";
			productName = "shintai-monitoring";
			productReference = F0863E54248E7C4A00A0C8E2 /* shintai-monitoring.app */;
			productType = "com.apple.product-type.application";
		};
/* End PBXNativeTarget section */

/* Begin PBXProject section */
		F0863E4C248E7C4A00A0C8E2 /* Project object */ = {
			isa = PBXProject;
			attributes = {
				LastSwiftUpdateCheck = 1150;
				LastUpgradeCheck = 1150;
				ORGANIZATIONNAME = mitsu.ishi;
				TargetAttributes = {
					F0863E53248E7C4A00A0C8E2 = {
						CreatedOnToolsVersion = 11.5;
					};
				};
			};
			buildConfigurationList = F0863E4F248E7C4A00A0C8E2 /* Build configuration list for PBXProject "shintai-monitoring" */;
			compatibilityVersion = "Xcode 9.3";
			developmentRegion = en;
			hasScannedForEncodings = 0;
			knownRegions = (
				en,
				Base,
			);
			mainGroup = F0863E4B248E7C4A00A0C8E2;
			productRefGroup = F0863E55248E7C4A00A0C8E2 /* Products */;
			projectDirPath = "";
			projectRoot = "";
			targets = (
				F0863E53248E7C4A00A0C8E2 /* shintai-monitoring */,
			);
		};
/* End PBXProject section */

/* Begin PBXResourcesBuildPhase section */
		F0863E52248E7C4A00A0C8E2 /* Resources */ = {
			isa = PBXResourcesBuildPhase;
			buildActionMask = 2147483647;
			files = (
				F0863E64248E7C4D00A0C8E2 /* LaunchScreen.storyboard in Resources */,
				F0591CC524A6E20400B08028 /* NextViewController.xib in Resources */,
				F0863E61248E7C4D00A0C8E2 /* Assets.xcassets in Resources */,
				F0863E5F248E7C4A00A0C8E2 /* Main.storyboard in Resources */,
			);
			runOnlyForDeploymentPostprocessing = 0;
		};
/* End PBXResourcesBuildPhase section */

/* Begin PBXSourcesBuildPhase section */
		F0863E50248E7C4A00A0C8E2 /* Sources */ = {
			isa = PBXSourcesBuildPhase;
			buildActionMask = 2147483647;
			files = (
				F0863E5C248E7C4A00A0C8E2 /* ViewController.swift in Sources */,
				F0591CC424A6E20400B08028 /* NextViewController.swift in Sources */,
				F0863E58248E7C4A00A0C8E2 /* AppDelegate.swift in Sources */,
				F0863E5A248E7C4A00A0C8E2 /* SceneDelegate.swift in Sources */,
			);
			runOnlyForDeploymentPostprocessing = 0;
		};
/* End PBXSourcesBuildPhase section */

/* Begin PBXVariantGroup section */
		F0863E5D248E7C4A00A0C8E2 /* Main.storyboard */ = {
			isa = PBXVariantGroup;
			children = (
				F0863E5E248E7C4A00A0C8E2 /* Base */,
			);
			name = Main.storyboard;
			sourceTree = "<group>";
		};
		F0863E62248E7C4D00A0C8E2 /* LaunchScreen.storyboard */ = {
			isa = PBXVariantGroup;
			children = (
				F0863E63248E7C4D00A0C8E2 /* Base */,
			);
			name = LaunchScreen.storyboard;
			sourceTree = "<group>";
		};
/* End PBXVariantGroup section */

/* Begin XCBuildConfiguration section */
		F0863E66248E7C4D00A0C8E2 /* Debug */ = {
			isa = XCBuildConfiguration;
			buildSettings = {
				ALWAYS_SEARCH_USER_PATHS = NO;
				CLANG_ANALYZER_NONNULL = YES;
				CLANG_ANALYZER_NUMBER_OBJECT_CONVERSION = YES_AGGRESSIVE;
				CLANG_CXX_LANGUAGE_STANDARD = "gnu++14";
				CLANG_CXX_LIBRARY = "libc++";
				CLANG_ENABLE_MODULES = YES;
				CLANG_ENABLE_OBJC_ARC = YES;
				CLANG_ENABLE_OBJC_WEAK = YES;
				CLANG_WARN_BLOCK_CAPTURE_AUTORELEASING = YES;
				CLANG_WARN_BOOL_CONVERSION = YES;
				CLANG_WARN_COMMA = YES;
				CLANG_WARN_CONSTANT_CONVERSION = YES;
				CLANG_WARN_DEPRECATED_OBJC_IMPLEMENTATIONS = YES;
				CLANG_WARN_DIRECT_OBJC_ISA_USAGE = YES_ERROR;
				CLANG_WARN_DOCUMENTATION_COMMENTS = YES;
				CLANG_WARN_EMPTY_BODY = YES;
				CLANG_WARN_ENUM_CONVERSION = YES;
				CLANG_WARN_INFINITE_RECURSION = YES;
				CLANG_WARN_INT_CONVERSION = YES;
				CLANG_WARN_NON_LITERAL_NULL_CONVERSION = YES;
				CLANG_WARN_OBJC_IMPLICIT_RETAIN_SELF = YES;
				CLANG_WARN_OBJC_LITERAL_CONVERSION = YES;
				CLANG_WARN_OBJC_ROOT_CLASS = YES_ERROR;
				CLANG_WARN_RANGE_LOOP_ANALYSIS = YES;
				CLANG_WARN_STRICT_PROTOTYPES = YES;
				CLANG_WARN_SUSPICIOUS_MOVE = YES;
				CLANG_WARN_UNGUARDED_AVAILABILITY = YES_AGGRESSIVE;
				CLANG_WARN_UNREACHABLE_CODE = YES;
				CLANG_WARN__DUPLICATE_METHOD_MATCH = YES;
				COPY_PHASE_STRIP = NO;
				DEBUG_INFORMATION_FORMAT = dwarf;
				ENABLE_STRICT_OBJC_MSGSEND = YES;
				ENABLE_TESTABILITY = YES;
				GCC_C_LANGUAGE_STANDARD = gnu11;
				GCC_DYNAMIC_NO_PIC = NO;
				GCC_NO_COMMON_BLOCKS = YES;
				GCC_OPTIMIZATION_LEVEL = 0;
				GCC_PREPROCESSOR_DEFINITIONS = (
					"DEBUG=1",
					"$(inherited)",
				);
				GCC_WARN_64_TO_32_BIT_CONVERSION = YES;
				GCC_WARN_ABOUT_RETURN_TYPE = YES_ERROR;
				GCC_WARN_UNDECLARED_SELECTOR = YES;
				GCC_WARN_UNINITIALIZED_AUTOS = YES_AGGRESSIVE;
				GCC_WARN_UNUSED_FUNCTION = YES;
				GCC_WARN_UNUSED_VARIABLE = YES;
				IPHONEOS_DEPLOYMENT_TARGET = 13.5;
				MTL_ENABLE_DEBUG_INFO = INCLUDE_SOURCE;
				MTL_FAST_MATH = YES;
				ONLY_ACTIVE_ARCH = YES;
				SDKROOT = iphoneos;
				SWIFT_ACTIVE_COMPILATION_CONDITIONS = DEBUG;
				SWIFT_OPTIMIZATION_LEVEL = "-Onone";
			};
			name = Debug;
		};
		F0863E67248E7C4D00A0C8E2 /* Release */ = {
			isa = XCBuildConfiguration;
			buildSettings = {
				ALWAYS_SEARCH_USER_PATHS = NO;
				CLANG_ANALYZER_NONNULL = YES;
				CLANG_ANALYZER_NUMBER_OBJECT_CONVERSION = YES_AGGRESSIVE;
				CLANG_CXX_LANGUAGE_STANDARD = "gnu++14";
				CLANG_CXX_LIBRARY = "libc++";
				CLANG_ENABLE_MODULES = YES;
				CLANG_ENABLE_OBJC_ARC = YES;
				CLANG_ENABLE_OBJC_WEAK = YES;
				CLANG_WARN_BLOCK_CAPTURE_AUTORELEASING = YES;
				CLANG_WARN_BOOL_CONVERSION = YES;
				CLANG_WARN_COMMA = YES;
				CLANG_WARN_CONSTANT_CONVERSION = YES;
				CLANG_WARN_DEPRECATED_OBJC_IMPLEMENTATIONS = YES;
				CLANG_WARN_DIRECT_OBJC_ISA_USAGE = YES_ERROR;
				CLANG_WARN_DOCUMENTATION_COMMENTS = YES;
				CLANG_WARN_EMPTY_BODY = YES;
				CLANG_WARN_ENUM_CONVERSION = YES;
				CLANG_WARN_INFINITE_RECURSION = YES;
				CLANG_WARN_INT_CONVERSION = YES;
				CLANG_WARN_NON_LITERAL_NULL_CONVERSION = YES;
				CLANG_WARN_OBJC_IMPLICIT_RETAIN_SELF = YES;
				CLANG_WARN_OBJC_LITERAL_CONVERSION = YES;
				CLANG_WARN_OBJC_ROOT_CLASS = YES_ERROR;
				CLANG_WARN_RANGE_LOOP_ANALYSIS = YES;
				CLANG_WARN_STRICT_PROTOTYPES = YES;
				CLANG_WARN_SUSPICIOUS_MOVE = YES;
				CLANG_WARN_UNGUARDED_AVAILABILITY = YES_AGGRESSIVE;
				CLANG_WARN_UNREACHABLE_CODE = YES;
				CLANG_WARN__DUPLICATE_METHOD_MATCH = YES;
				COPY_PHASE_STRIP = NO;
				DEBUG_INFORMATION_FORMAT = "dwarf-with-dsym";
				ENABLE_NS_ASSERTIONS = NO;
				ENABLE_STRICT_OBJC_MSGSEND = YES;
				GCC_C_LANGUAGE_STANDARD = gnu11;
				GCC_NO_COMMON_BLOCKS = YES;
				GCC_WARN_64_TO_32_BIT_CONVERSION = YES;
				GCC_WARN_ABOUT_RETURN_TYPE = YES_ERROR;
				GCC_WARN_UNDECLARED_SELECTOR = YES;
				GCC_WARN_UNINITIALIZED_AUTOS = YES_AGGRESSIVE;
				GCC_WARN_UNUSED_FUNCTION = YES;
				GCC_WARN_UNUSED_VARIABLE = YES;
				IPHONEOS_DEPLOYMENT_TARGET = 13.5;
				MTL_ENABLE_DEBUG_INFO = NO;
				MTL_FAST_MATH = YES;
				SDKROOT = iphoneos;
				SWIFT_COMPILATION_MODE = wholemodule;
				SWIFT_OPTIMIZATION_LEVEL = "-O";
				VALIDATE_PRODUCT = YES;
			};
			name = Release;
		};
		F0863E69248E7C4D00A0C8E2 /* Debug */ = {
			isa = XCBuildConfiguration;
			buildSettings = {
				ASSETCATALOG_COMPILER_APPICON_NAME = AppIcon;
				CODE_SIGN_STYLE = Automatic;
				DEVELOPMENT_TEAM = 89AWV2XS5W;
				INFOPLIST_FILE = "shintai-monitoring/Info.plist";
				LD_RUNPATH_SEARCH_PATHS = (
					"$(inherited)",
					"@executable_path/Frameworks",
				);
				PRODUCT_BUNDLE_IDENTIFIER = "mitsu.ishi.shintai-monitoring";
				PRODUCT_NAME = "$(TARGET_NAME)";
				SWIFT_VERSION = 5.0;
				TARGETED_DEVICE_FAMILY = "1,2";
			};
			name = Debug;
		};
		F0863E6A248E7C4D00A0C8E2 /* Release */ = {
			isa = XCBuildConfiguration;
			buildSettings = {
				ASSETCATALOG_COMPILER_APPICON_NAME = AppIcon;
				CODE_SIGN_STYLE = Automatic;
				DEVELOPMENT_TEAM = 89AWV2XS5W;
				INFOPLIST_FILE = "shintai-monitoring/Info.plist";
				LD_RUNPATH_SEARCH_PATHS = (
					"$(inherited)",
					"@executable_path/Frameworks",
				);
				PRODUCT_BUNDLE_IDENTIFIER = "mitsu.ishi.shintai-monitoring";
				PRODUCT_NAME = "$(TARGET_NAME)";
				SWIFT_VERSION = 5.0;
				TARGETED_DEVICE_FAMILY = "1,2";
			};
			name = Release;
		};
/* End XCBuildConfiguration section */

/* Begin XCConfigurationList section */
		F0863E4F248E7C4A00A0C8E2 /* Build configuration list for PBXProject "shintai-monitoring" */ = {
			isa = XCConfigurationList;
			buildConfigurations = (
				F0863E66248E7C4D00A0C8E2 /* Debug */,
				F0863E67248E7C4D00A0C8E2 /* Release */,
			);
			defaultConfigurationIsVisible = 0;
			defaultConfigurationName = Release;
		};
		F0863E68248E7C4D00A0C8E2 /* Build configuration list for PBXNativeTarget "shintai-monitoring" */ = {
			isa = XCConfigurationList;
			buildConfigurations = (
				F0863E69248E7C4D00A0C8E2 /* Debug */,
				F0863E6A248E7C4D00A0C8E2 /* Release */,
			);
			defaultConfigurationIsVisible = 0;
			defaultConfigurationName = Release;
		};
/* End XCConfigurationList section */
	};
	rootObject = F0863E4C248E7C4A00A0C8E2 /* Project object */;
}
